
Microsoft Visual Studio Solution File, Format Version 12.00
# Visual Studio Version 17
VisualStudioVersion = 17.0.31903.59
MinimumVisualStudioVersion = 10.0.40219.1
Project("{9A19103F-16F7-4668-BE54-9A1E7A4F7556}") = "Deduplicator", "Deduplicator\Deduplicator.csproj", "{6C58AA0D-EFB6-4290-BAAE-4BDF8CCDDF15}"
EndProject
Project("{9A19103F-16F7-4668-BE54-9A1E7A4F7556}") = "DupFileUtil", "DupFileUtil\DupFileUtil.csproj", "{741DA7AC-BE89-4C59-87F1-E43C39A8845B}"
EndProject
Project("{2150E333-8FDC-42A3-9474-1A3956D46DE8}") = "Solution Items", "Solution Items", "{FD776FB7-5866-4223-A371-89455F2040CC}"
	ProjectSection(SolutionItems) = preProject
		.editorconfig = .editorconfig
	EndProjectSection
EndProject
Project("{9A19103F-16F7-4668-BE54-9A1E7A4F7556}") = "DuplicateFileFinderLib", "DuplicateFileFinderLib\DuplicateFileFinderLib.csproj", "{09A5578C-EBE1-4D32-B919-036FF106B767}"
EndProject
Project("{9A19103F-16F7-4668-BE54-9A1E7A4F7556}") = "DuplicateFileFinderLibTests", "DuplicateFileFinderLibTests\DuplicateFileFinderLibTests.csproj", "{63FF4C84-E9C6-4E5A-B24D-469C3274DA3B}"
EndProject
Global
	GlobalSection(SolutionConfigurationPlatforms) = preSolution
		Debug|Any CPU = Debug|Any CPU
		Release|Any CPU = Release|Any CPU
	EndGlobalSection
	GlobalSection(ProjectConfigurationPlatforms) = postSolution
		{6C58AA0D-EFB6-4290-BAAE-4BDF8CCDDF15}.Debug|Any CPU.ActiveCfg = Debug|Any CPU
		{6C58AA0D-EFB6-4290-BAAE-4BDF8CCDDF15}.Debug|Any CPU.Build.0 = Debug|Any CPU
		{6C58AA0D-EFB6-4290-BAAE-4BDF8CCDDF15}.Release|Any CPU.ActiveCfg = Release|Any CPU
		{6C58AA0D-EFB6-4290-BAAE-4BDF8CCDDF15}.Release|Any CPU.Build.0 = Release|Any CPU
		{741DA7AC-BE89-4C59-87F1-E43C39A8845B}.Debug|Any CPU.ActiveCfg = Debug|Any CPU
		{741DA7AC-BE89-4C59-87F1-E43C39A8845B}.Debug|Any CPU.Build.0 = Debug|Any CPU
		{741DA7AC-BE89-4C59-87F1-E43C39A8845B}.Release|Any CPU.ActiveCfg = Release|Any CPU
		{741DA7AC-BE89-4C59-87F1-E43C39A8845B}.Release|Any CPU.Build.0 = Release|Any CPU
		{09A5578C-EBE1-4D32-B919-036FF106B767}.Debug|Any CPU.ActiveCfg = Debug|Any CPU
		{09A5578C-EBE1-4D32-B919-036FF106B767}.Debug|Any CPU.Build.0 = Debug|Any CPU
		{09A5578C-EBE1-4D32-B919-036FF106B767}.Release|Any CPU.ActiveCfg = Release|Any CPU
		{09A5578C-EBE1-4D32-B919-036FF106B767}.Release|Any CPU.Build.0 = Release|Any CPU
		{63FF4C84-E9C6-4E5A-B24D-469C3274DA3B}.Debug|Any CPU.ActiveCfg = Debug|Any CPU
		{63FF4C84-E9C6-4E5A-B24D-469C3274DA3B}.Debug|Any CPU.Build.0 = Debug|Any CPU
		{63FF4C84-E9C6-4E5A-B24D-469C3274DA3B}.Release|Any CPU.ActiveCfg = Release|Any CPU
		{63FF4C84-E9C6-4E5A-B24D-469C3274DA3B}.Release|Any CPU.Build.0 = Release|Any CPU
	EndGlobalSection
	GlobalSection(SolutionProperties) = preSolution
		HideSolutionNode = FALSE
	EndGlobalSection
	GlobalSection(ExtensibilityGlobals) = postSolution
		SolutionGuid = {765489D0-D95A-417B-B869-5DE2295CB151}
	EndGlobalSection
EndGlobal
