{
  "version": 1,
  "dependencies": {
    "net10.0": {
      "Avalonia": {
        "type": "Direct",
        "requested": "[11.3.6, )",
        "resolved": "11.3.6",
        "contentHash": "h8V6Cmklaak2h+WVp5gcsprwmrCLQylfNmIQnOQyiETzOazKGmFhlcf+K9zoupxfkhOQXsbSJpb/elyCkrjlig==",
        "dependencies": {
          "Avalonia.BuildServices": "0.0.31",
          "Avalonia.Remote.Protocol": "11.3.6",
          "MicroCom.Runtime": "0.11.0"
        }
      },
      "Avalonia.Controls.DataGrid": {
        "type": "Direct",
        "requested": "[11.3.6, )",
        "resolved": "11.3.6",
        "contentHash": "+zKAPaJOatN9o65v8fSAwZeDsBdIIBz+6lDfAwYaCUzlBw15aFGI57fGYyf4titVajjUi3ljhuzUgDTEo0mTww==",
        "dependencies": {
          "Avalonia": "11.3.6"
        }
      },
      "Avalonia.Controls.ItemsRepeater": {
        "type": "Direct",
        "requested": "[11.1.5, )",
        "resolved": "11.1.5",
        "contentHash": "MfsDSvpa/QUvOw8c8BQtDHHu3DUHYYGjkDBpN0uOpjFqng6qCzkuoyJZ7vIXSlDNb685yqW8VluWMjniz5BI4A==",
        "dependencies": {
          "Avalonia": "11.1.5"
        }
      },
      "Avalonia.Desktop": {
        "type": "Direct",
        "requested": "[11.3.6, )",
        "resolved": "11.3.6",
        "contentHash": "+r/3tPkf2E7rxbKYYd5bRq9vdaPCvuhf+PAKFmKqdQrzjWPSP4/Dg0VDIcgPsv+A2Tq82x67ZUJGQyhiLfsMVQ==",
        "dependencies": {
          "Avalonia": "11.3.6",
          "Avalonia.Native": "11.3.6",
          "Avalonia.Skia": "11.3.6",
          "Avalonia.Win32": "11.3.6",
          "Avalonia.X11": "11.3.6"
        }
      },
      "Avalonia.Diagnostics": {
        "type": "Direct",
        "requested": "[11.3.6, )",
        "resolved": "11.3.6",
        "contentHash": "iOGrfU/0TudsfHARpsreVt5V1oaer838IghYdgZjlOvGKmh5J1uc5GOSBmBodUpuPDE78wmdVrJZLC57qsndzg==",
        "dependencies": {
          "Avalonia": "11.3.6",
          "Avalonia.Controls.ColorPicker": "11.3.6",
          "Avalonia.Themes.Simple": "11.3.6"
        }
      },
      "Avalonia.Fonts.Inter": {
        "type": "Direct",
        "requested": "[11.3.6, )",
        "resolved": "11.3.6",
        "contentHash": "ASuCuosS8elNsRxNpdZE/UrmMSh1wtwoqRDEgpdcbVuMRUH/8ElCur5PdyWhJSwIit/YXaS+xb2xQAGOnvT45w==",
        "dependencies": {
          "Avalonia": "11.3.6"
        }
      },
      "Avalonia.Themes.Fluent": {
        "type": "Direct",
        "requested": "[11.3.6, )",
        "resolved": "11.3.6",
        "contentHash": "YQ3x66qgMqDxbQoLTqYKGA7yXnxi8fzDL9+CITPrXrVZimlemWmjYqE0NWgd2c78gpp7dNEV4eYzwbbr8bH+9A==",
        "dependencies": {
          "Avalonia": "11.3.6"
        }
      },
      "Castle.Core": {
        "type": "Direct",
        "requested": "[5.2.1, )",
        "resolved": "5.2.1",
        "contentHash": "wHARzQA695jwwKreOzNsq54KiGqKP38tv8hi8e2FXDEC/sA6BtrX90tVPDkOfVu13PbEzr00TCV8coikl+D1Iw==",
        "dependencies": {
          "System.Diagnostics.EventLog": "6.0.0"
        }
      },
      "CommunityToolkit.Mvvm": {
        "type": "Direct",
        "requested": "[8.*, )",
        "resolved": "8.4.0",
        "contentHash": "tqVU8yc/ADO9oiTRyTnwhFN68hCwvkliMierptWOudIAvWY1mWCh5VFh+guwHJmpMwfg0J0rY+yyd5Oy7ty9Uw=="
      },
      "JetBrains.Annotations": {
        "type": "Direct",
        "requested": "[2025.2.2, )",
        "resolved": "2025.2.2",
        "contentHash": "0X56ZRizuHdrnPpgXjWV7f2tQO1FlQg5O1967OGKnI/4ZRNOK642J8L7brM1nYvrxTTU5TP1yRyXLRLaXLPQ8A=="
      },
      "MessageBox.Avalonia": {
        "type": "Direct",
        "requested": "[3.2.0, )",
        "resolved": "3.2.0",
        "contentHash": "f4iJxmyF0fKoJQdMCiSSRitP/niUl4g1mSBLGQ9+/58ZXrhjUImnuLdbuBY36n+JpMegy4FA62s588yJkbbjCA==",
        "dependencies": {
          "Avalonia": "11.1.3",
          "DialogHost.Avalonia": "0.8.1"
        }
      },
      "Avalonia.Angle.Windows.Natives": {
        "type": "Transitive",
        "resolved": "2.1.25547.20250602",
        "contentHash": "ZL0VLc4s9rvNNFt19Pxm5UNAkmKNylugAwJPX9ulXZ6JWs/l6XZihPWWTyezaoNOVyEPU8YbURtW7XMAtqXH5A=="
      },
      "Avalonia.BuildServices": {
        "type": "Transitive",
        "resolved": "0.0.31",
        "contentHash": "KmCN6Hc+45q4OnF10ge450yVUvWuxU6bdQiyKqiSvrHKpahNrEdk0kG6Ip6GHk2SKOCttGQuA206JVdkldEENg=="
      },
      "Avalonia.Controls.ColorPicker": {
        "type": "Transitive",
        "resolved": "11.3.6",
        "contentHash": "zgJFM7P7hOS9qcuSUqL2tjBFIsi03qiwAztYjtjtKjfBvLBOrVcmL5qHwjfjeLRLtjHprjMraAHtu3O2vi+51g==",
        "dependencies": {
          "Avalonia": "11.3.6",
          "Avalonia.Remote.Protocol": "11.3.6"
        }
      },
      "Avalonia.FreeDesktop": {
        "type": "Transitive",
        "resolved": "11.3.6",
        "contentHash": "vI+m3r5GRoF0CS1EpMG+gx9qCQVkCwlsHyW6+UWxNNpL2IZ9S3zPt/GNgG6vFrhZpBTsoG+OZnZ9XPRT+KkqUw==",
        "dependencies": {
          "Avalonia": "11.3.6",
          "Tmds.DBus.Protocol": "0.21.2"
        }
      },
      "Avalonia.Native": {
        "type": "Transitive",
        "resolved": "11.3.6",
        "contentHash": "QaIKZLfquJ12Rpwo9pQ2V24TfpJI2tQJeYe235G4cJnI3d699DvMUcntQA1VLDCwAK3xHOSTyoN737oU3f9ErQ==",
        "dependencies": {
          "Avalonia": "11.3.6"
        }
      },
      "Avalonia.Remote.Protocol": {
        "type": "Transitive",
        "resolved": "11.3.6",
        "contentHash": "i1lW1ZA5Ghe19kbPiC2pMq48P/9CcOWi8hFj0Y8UZr/czCQok3YJRwU5z8vKsJ5xsMvzpPf+GO/6Qu9Dy2yLvg=="
      },
      "Avalonia.Skia": {
        "type": "Transitive",
        "resolved": "11.3.6",
        "contentHash": "qM1qGCUxPpheLwQ6gr+I4h2dhFz3L9Apa1MhiUsUELzSI6FqfzX2+67M8f/6gOHAtrjwxkjpanNW6eF9zW+g7Q==",
        "dependencies": {
          "Avalonia": "11.3.6",
          "HarfBuzzSharp": "8.3.1.1",
          "HarfBuzzSharp.NativeAssets.Linux": "8.3.1.1",
          "HarfBuzzSharp.NativeAssets.WebAssembly": "8.3.1.1",
          "SkiaSharp": "2.88.9",
          "SkiaSharp.NativeAssets.Linux": "2.88.9",
          "SkiaSharp.NativeAssets.WebAssembly": "2.88.9"
        }
      },
      "Avalonia.Themes.Simple": {
        "type": "Transitive",
        "resolved": "11.3.6",
        "contentHash": "MuwYjUI9qMdu7TYyJbBntWlZRJWi6QmAYhMEBEdDgiEO0yUpTiKNLpYSn+MS8Xh9Jm9N4krclBigW7FYJkqLOA==",
        "dependencies": {
          "Avalonia": "11.3.6"
        }
      },
      "Avalonia.Win32": {
        "type": "Transitive",
        "resolved": "11.3.6",
        "contentHash": "KHft8utwz5ktcwHdEAwAPfNGdwqoE0qrwVmPjGYggqJAI4PuaiATkdSObSCXfxRVs2H9aqVB8hiEVB+9rvkxYw==",
        "dependencies": {
          "Avalonia": "11.3.6",
          "Avalonia.Angle.Windows.Natives": "2.1.25547.20250602"
        }
      },
      "Avalonia.X11": {
        "type": "Transitive",
        "resolved": "11.3.6",
        "contentHash": "6NKE1py4zbkMJg++2rMJHyjEXNo2JU0Nj9nEMnXh2gyHyfclhULIGIqmpsLvJ7Ljv1+6iLDqArCFRn+mi1hANw==",
        "dependencies": {
          "Avalonia": "11.3.6",
          "Avalonia.FreeDesktop": "11.3.6",
          "Avalonia.Skia": "11.3.6"
        }
      },
      "DialogHost.Avalonia": {
        "type": "Transitive",
        "resolved": "0.8.1",
        "contentHash": "RLBOMqjJPgSmwe0i1pzX3Q7Pn0i4xE/E1b774krd4VyEkaorz1AYMdYQHyIfuhtQv5NntZyS0MuQbxJl/PhzBg==",
        "dependencies": {
          "Avalonia": "11.1.0"
        }
      },
      "HarfBuzzSharp": {
        "type": "Transitive",
        "resolved": "8.3.1.1",
        "contentHash": "tLZN66oe/uiRPTZfrCU4i8ScVGwqHNh5MHrXj0yVf4l7Mz0FhTGnQ71RGySROTmdognAs0JtluHkL41pIabWuQ==",
        "dependencies": {
          "HarfBuzzSharp.NativeAssets.Win32": "8.3.1.1",
          "HarfBuzzSharp.NativeAssets.macOS": "8.3.1.1"
        }
      },
      "HarfBuzzSharp.NativeAssets.Linux": {
        "type": "Transitive",
        "resolved": "8.3.1.1",
        "contentHash": "3EZ1mpIiKWRLL5hUYA82ZHteeDIVaEA/Z0rA/wU6tjx6crcAkJnBPwDXZugBSfo8+J3EznvRJf49uMsqYfKrHg=="
      },
      "HarfBuzzSharp.NativeAssets.macOS": {
        "type": "Transitive",
        "resolved": "8.3.1.1",
        "contentHash": "jbtCsgftcaFLCA13tVKo5iWdElJScrulLTKJre36O4YQTIlwDtPPqhRZNk+Y0vv4D1gxbscasGRucUDfS44ofQ=="
      },
      "HarfBuzzSharp.NativeAssets.WebAssembly": {
        "type": "Transitive",
        "resolved": "8.3.1.1",
        "contentHash": "loJweK2u/mH/3C2zBa0ggJlITIszOkK64HLAZB7FUT670dTg965whLFYHDQo69NmC4+d9UN0icLC9VHidXaVCA=="
      },
      "HarfBuzzSharp.NativeAssets.Win32": {
        "type": "Transitive",
        "resolved": "8.3.1.1",
        "contentHash": "UsJtQsfAJoFDZrXc4hCUfRPMqccfKZ0iumJ/upcUjz/cmsTgVFGNEL5yaJWmkqsuFYdMWbj/En5/kS4PFl9hBA=="
      },
      "MemoryPack": {
        "type": "Transitive",
        "resolved": "1.21.4",
        "contentHash": "wy3JTBNBsO8LfQcBvvYsWr3lm2Oakolrfu0UQ3oSJSEiD+7ye0GUhYTaXuYYBowqsXBXWD9gf2218ae0JRiYVQ==",
        "dependencies": {
          "MemoryPack.Core": "1.21.4",
          "MemoryPack.Generator": "1.21.4"
        }
      },
      "MemoryPack.Core": {
        "type": "Transitive",
        "resolved": "1.21.4",
        "contentHash": "6RszGorZ0ejNmp37ZcboPBMvvPCuNW2jlrdQfcs/lMzE5b3pmPF6hsm/laDc34hRlbAST1ZxaX/DvYu2DF5sBQ=="
      },
      "MemoryPack.Generator": {
        "type": "Transitive",
        "resolved": "1.21.4",
        "contentHash": "g14EsSS85yn0lHTi0J9ivqlZMf09A2iI51fmI+0KkzIzyCbWOBWPi5mdaY7YWmXprk12aYh9u/qfWHQUYthlwg=="
      },
      "MicroCom.Runtime": {
        "type": "Transitive",
        "resolved": "0.11.0",
        "contentHash": "MEnrZ3UIiH40hjzMDsxrTyi8dtqB5ziv3iBeeU4bXsL/7NLSal9F1lZKpK+tfBRnUoDSdtcW3KufE4yhATOMCA=="
      },
      "NLog": {
        "type": "Transitive",
        "resolved": "5.5.1",
        "contentHash": "ZpLbXSi91tZJPjzNefE+3NugAkQtpWZpSLfZWJGcP1y8qMiXDKxW/nAQ+LYWo7GwH2iYsbKOdsLCK9S3BeRQxA=="
      },
      "SkiaSharp": {
        "type": "Transitive",
        "resolved": "2.88.9",
        "contentHash": "3MD5VHjXXieSHCleRLuaTXmL2pD0mB7CcOB1x2kA1I4bhptf4e3R27iM93264ZYuAq6mkUyX5XbcxnZvMJYc1Q==",
        "dependencies": {
          "SkiaSharp.NativeAssets.Win32": "2.88.9",
          "SkiaSharp.NativeAssets.macOS": "2.88.9"
        }
      },
      "SkiaSharp.NativeAssets.Linux": {
        "type": "Transitive",
        "resolved": "2.88.9",
        "contentHash": "cWSaJKVPWAaT/WIn9c8T5uT/l4ETwHxNJTkEOtNKjphNo8AW6TF9O32aRkxqw3l8GUdUo66Bu7EiqtFh/XG0Zg==",
        "dependencies": {
          "SkiaSharp": "2.88.9"
        }
      },
      "SkiaSharp.NativeAssets.macOS": {
        "type": "Transitive",
        "resolved": "2.88.9",
        "contentHash": "Nv5spmKc4505Ep7oUoJ5vp3KweFpeNqxpyGDWyeEPTX2uR6S6syXIm3gj75dM0YJz7NPvcix48mR5laqs8dPuA=="
      },
      "SkiaSharp.NativeAssets.WebAssembly": {
        "type": "Transitive",
        "resolved": "2.88.9",
        "contentHash": "kt06RccBHSnAs2wDYdBSfsjIDbY3EpsOVqnlDgKdgvyuRA8ZFDaHRdWNx1VHjGgYzmnFCGiTJBnXFl5BqGwGnA=="
      },
      "SkiaSharp.NativeAssets.Win32": {
        "type": "Transitive",
        "resolved": "2.88.9",
        "contentHash": "wb2kYgU7iy84nQLYZwMeJXixvK++GoIuECjU4ECaUKNuflyRlJKyiRhN1MAHswvlvzuvkrjRWlK0Za6+kYQK7w=="
      },
      "System.CodeDom": {
        "type": "Transitive",
        "resolved": "9.0.11",
        "contentHash": "3dQXQ1w7LjiaTD9eJaEGB8cpMcpsayE3aRNoKWslhca8tLLJAUnEJe7tS4rzwn1LFxSm26hgiWuBF+Ll3FmBxw=="
      },
      "System.Diagnostics.EventLog": {
        "type": "Transitive",
        "resolved": "6.0.0",
        "contentHash": "lcyUiXTsETK2ALsZrX+nWuHSIQeazhqPphLfaRxzdGaG93+0kELqpgEHtwWOlQe7+jSFnKwaCAgL4kjeZCQJnw=="
      },
      "System.Management": {
        "type": "Transitive",
        "resolved": "9.0.11",
        "contentHash": "5jMTeHv8Dt+NB9S+uetLp3TYJyUjaJaHXGzYw8/x+TzOC6CpnobPs0hG+qurFflYlVYv732kwLPIO5W+u8IjZA==",
        "dependencies": {
          "System.CodeDom": "9.0.11"
        }
      },
      "Tmds.DBus.Protocol": {
        "type": "Transitive",
        "resolved": "0.21.2",
        "contentHash": "ScSMrUrrw8px4kK1Glh0fZv/HQUlg1078bNXNPfRPKQ3WbRzV9HpsydYEOgSoMK5LWICMf2bMwIFH0pGjxjcMA=="
      },
      "duplicatefilefinderlib": {
        "type": "Project",
        "dependencies": {
          "MemoryPack": "[1.21.4, )",
          "NLog": "[5.*, )",
          "System.Management": "[9.0.11, )"
        }
      }
    }
  }
}